
Microsoft Visual Studio Solution File, Format Version 12.00
# Visual Studio Version 17
VisualStudioVersion = 17.0.31903.59
MinimumVisualStudioVersion = 10.0.40219.1
Project("{9A19103F-16F7-4668-BE54-9A1E7A4F7556}") = "DotNetBrowser.AvaloniaUi.Demo", "DotNetBrowser.AvaloniaUi.Demo\DotNetBrowser.AvaloniaUi.Demo.csproj", "{12E9FCD6-A2B4-4371-AD17-A76AD046D3B8}"
EndProject
Global
	GlobalSection(SolutionConfigurationPlatforms) = preSolution
		Debug|Any CPU = Debug|Any CPU
		Debug|ARM64 = Debug|ARM64
		Release|Any CPU = Release|Any CPU
		Release|ARM64 = Release|ARM64
	EndGlobalSection
	GlobalSection(ProjectConfigurationPlatforms) = postSolution
		{12E9FCD6-A2B4-4371-AD17-A76AD046D3B8}.Debug|Any CPU.ActiveCfg = Debug|Any CPU
		{12E9FCD6-A2B4-4371-AD17-A76AD046D3B8}.Debug|Any CPU.Build.0 = Debug|Any CPU
		{12E9FCD6-A2B4-4371-AD17-A76AD046D3B8}.Debug|ARM64.ActiveCfg = Debug|Any CPU
		{12E9FCD6-A2B4-4371-AD17-A76AD046D3B8}.Debug|ARM64.Build.0 = Debug|Any CPU
		{12E9FCD6-A2B4-4371-AD17-A76AD046D3B8}.Release|Any CPU.ActiveCfg = Release|Any CPU
		{12E9FCD6-A2B4-4371-AD17-A76AD046D3B8}.Release|Any CPU.Build.0 = Release|Any CPU
		{12E9FCD6-A2B4-4371-AD17-A76AD046D3B8}.Release|ARM64.ActiveCfg = Release|Any CPU
		{12E9FCD6-A2B4-4371-AD17-A76AD046D3B8}.Release|ARM64.Build.0 = Release|Any CPU
	EndGlobalSection
	GlobalSection(SolutionProperties) = preSolution
		HideSolutionNode = FALSE
	EndGlobalSection
	GlobalSection(ExtensibilityGlobals) = postSolution
		SolutionGuid = {3D12E2D3-97BD-4C65-98FB-AA5B0453AE16}
	EndGlobalSection
EndGlobal
